
Microsoft Visual Studio Solution File, Format Version 12.00
# Visual Studio Version 17
VisualStudioVersion = 17.8.34511.84
MinimumVisualStudioVersion = 10.0.40219.1
Project("{FAE04EC0-301F-11D3-BF4B-00C04F79EFBC}") = "Sumatoria", "Sumatoria\Sumatoria.csproj", "{87BFC150-9573-4F3C-A876-FCC80CA1C926}"
EndProject
Global
	GlobalSection(SolutionConfigurationPlatforms) = preSolution
		Debug|Any CPU = Debug|Any CPU
		Release|Any CPU = Release|Any CPU
	EndGlobalSection
	GlobalSection(ProjectConfigurationPlatforms) = postSolution
		{87BFC150-9573-4F3C-A876-FCC80CA1C926}.Debug|Any CPU.ActiveCfg = Debug|Any CPU
		{87BFC150-9573-4F3C-A876-FCC80CA1C926}.Debug|Any CPU.Build.0 = Debug|Any CPU
		{87BFC150-9573-4F3C-A876-FCC80CA1C926}.Release|Any CPU.ActiveCfg = Release|Any CPU
		{87BFC150-9573-4F3C-A876-FCC80CA1C926}.Release|Any CPU.Build.0 = Release|Any CPU
	EndGlobalSection
	GlobalSection(SolutionProperties) = preSolution
		HideSolutionNode = FALSE
	EndGlobalSection
	GlobalSection(ExtensibilityGlobals) = postSolution
		SolutionGuid = {4724BF5C-BA2A-4DDE-9F1A-24555E0B234A}
	EndGlobalSection
EndGlobal
